
Microsoft Visual Studio Solution File, Format Version 12.00
# Visual Studio 2012
Project("{FAE04EC0-301F-11D3-BF4B-00C04F79EFBC}") = "YouTubeDragVideo", "YouTubeDragVideo\YouTubeDragVideo.csproj", "{F9B09085-64AA-4B1E-BCFC-8020592ECAF8}"
EndProject
Project("{FAE04EC0-301F-11D3-BF4B-00C04F79EFBC}") = "YouTubeDragVideo.Demo", "YouTubeDragVideo.Demo\YouTubeDragVideo.Demo.csproj", "{E8277536-FDD6-45F2-97F7-75DE260AE563}"
EndProject
Global
	GlobalSection(SolutionConfigurationPlatforms) = preSolution
		Debug|Any CPU = Debug|Any CPU
		Release|Any CPU = Release|Any CPU
		Debug|iPhoneSimulator = Debug|iPhoneSimulator
		Release|iPhone = Release|iPhone
		Release|iPhoneSimulator = Release|iPhoneSimulator
		Debug|iPhone = Debug|iPhone
	EndGlobalSection
	GlobalSection(ProjectConfigurationPlatforms) = postSolution
		{F9B09085-64AA-4B1E-BCFC-8020592ECAF8}.Debug|Any CPU.ActiveCfg = Debug|Any CPU
		{F9B09085-64AA-4B1E-BCFC-8020592ECAF8}.Debug|Any CPU.Build.0 = Debug|Any CPU
		{F9B09085-64AA-4B1E-BCFC-8020592ECAF8}.Release|Any CPU.ActiveCfg = Release|Any CPU
		{F9B09085-64AA-4B1E-BCFC-8020592ECAF8}.Release|Any CPU.Build.0 = Release|Any CPU
		{F9B09085-64AA-4B1E-BCFC-8020592ECAF8}.Debug|iPhoneSimulator.ActiveCfg = Debug|Any CPU
		{F9B09085-64AA-4B1E-BCFC-8020592ECAF8}.Debug|iPhoneSimulator.Build.0 = Debug|Any CPU
		{F9B09085-64AA-4B1E-BCFC-8020592ECAF8}.Release|iPhone.ActiveCfg = Release|Any CPU
		{F9B09085-64AA-4B1E-BCFC-8020592ECAF8}.Release|iPhone.Build.0 = Release|Any CPU
		{F9B09085-64AA-4B1E-BCFC-8020592ECAF8}.Release|iPhoneSimulator.ActiveCfg = Release|Any CPU
		{F9B09085-64AA-4B1E-BCFC-8020592ECAF8}.Release|iPhoneSimulator.Build.0 = Release|Any CPU
		{F9B09085-64AA-4B1E-BCFC-8020592ECAF8}.Debug|iPhone.ActiveCfg = Debug|Any CPU
		{F9B09085-64AA-4B1E-BCFC-8020592ECAF8}.Debug|iPhone.Build.0 = Debug|Any CPU
		{E8277536-FDD6-45F2-97F7-75DE260AE563}.Debug|Any CPU.ActiveCfg = Debug|iPhoneSimulator
		{E8277536-FDD6-45F2-97F7-75DE260AE563}.Debug|Any CPU.Build.0 = Debug|iPhoneSimulator
		{E8277536-FDD6-45F2-97F7-75DE260AE563}.Release|Any CPU.ActiveCfg = Release|iPhone
		{E8277536-FDD6-45F2-97F7-75DE260AE563}.Release|Any CPU.Build.0 = Release|iPhone
		{E8277536-FDD6-45F2-97F7-75DE260AE563}.Debug|iPhoneSimulator.ActiveCfg = Debug|iPhoneSimulator
		{E8277536-FDD6-45F2-97F7-75DE260AE563}.Debug|iPhoneSimulator.Build.0 = Debug|iPhoneSimulator
		{E8277536-FDD6-45F2-97F7-75DE260AE563}.Release|iPhone.ActiveCfg = Release|iPhone
		{E8277536-FDD6-45F2-97F7-75DE260AE563}.Release|iPhone.Build.0 = Release|iPhone
		{E8277536-FDD6-45F2-97F7-75DE260AE563}.Release|iPhoneSimulator.ActiveCfg = Release|iPhoneSimulator
		{E8277536-FDD6-45F2-97F7-75DE260AE563}.Release|iPhoneSimulator.Build.0 = Release|iPhoneSimulator
		{E8277536-FDD6-45F2-97F7-75DE260AE563}.Debug|iPhone.ActiveCfg = Debug|iPhone
		{E8277536-FDD6-45F2-97F7-75DE260AE563}.Debug|iPhone.Build.0 = Debug|iPhone
	EndGlobalSection
EndGlobal
